<?xml version="1.0" encoding="utf-8"?>
<Project ToolsVersion="17.0" xmlns="http://schemas.microsoft.com/developer/msbuild/2003">
  <ItemGroup>
    <CustomBuild Include="C:\QuantumFlow\build_x64\CMakeFiles\fbec7e64f8acce9768ce72e041755e3f\generate.stamp.rule">
      <Filter>CMake Rules</Filter>
    </CustomBuild>
  </ItemGroup>
  <ItemGroup>
    <Filter Include="CMake Rules">
      <UniqueIdentifier>{383E100B-557A-321A-8E92-EDFCBBDF1188}</UniqueIdentifier>
    </Filter>
  </ItemGroup>
</Project>
